// !$*UTF8*$!
{
	archiveVersion = 1;
	classes = {
	};
	objectVersion = 50;
	objects = {

/* Begin PBXBuildFile section */
		5122AA9D222D6CA700063BE9 /* GLUT.framework in Frameworks */ = {isa = PBXBuildFile; fileRef = 5122AA9C222D6CA700063BE9 /* GLUT.framework */; };
		5122AA9F222D6CB000063BE9 /* OpenGL.framework in Frameworks */ = {isa = PBXBuildFile; fileRef = 5122AA9E222D6CB000063BE9 /* OpenGL.framework */; };
		5122AAA0222D6CB800063BE9 /* engine.cpp in Sources */ = {isa = PBXBuildFile; fileRef = 5122AA82222D6BD200063BE9 /* engine.cpp */; };
		5122AAA1222D6CB800063BE9 /* tinyxml2.cpp in Sources */ = {isa = PBXBuildFile; fileRef = 5122AA83222D6BD200063BE9 /* tinyxml2.cpp */; };
		5122AAA2222D6CD200063BE9 /* generator.cpp in Sources */ = {isa = PBXBuildFile; fileRef = 5122AA81222D6BAE00063BE9 /* generator.cpp */; };
/* End PBXBuildFile section */

/* Begin PBXCopyFilesBuildPhase section */
		5122AA87222D6C4A00063BE9 /* CopyFiles */ = {
			isa = PBXCopyFilesBuildPhase;
			buildActionMask = 2147483647;
			dstPath = /usr/share/man/man1/;
			dstSubfolderSpec = 0;
			files = (
			);
			runOnlyForDeploymentPostprocessing = 1;
		};
		5122AA92222D6C6E00063BE9 /* CopyFiles */ = {
			isa = PBXCopyFilesBuildPhase;
			buildActionMask = 2147483647;
			dstPath = /usr/share/man/man1/;
			dstSubfolderSpec = 0;
			files = (
			);
			runOnlyForDeploymentPostprocessing = 1;
		};
/* End PBXCopyFilesBuildPhase section */

/* Begin PBXFileReference section */
		5122AA81222D6BAE00063BE9 /* generator.cpp */ = {isa = PBXFileReference; lastKnownFileType = sourcecode.cpp.cpp; name = generator.cpp; path = "../../solar-system/generator/generator.cpp"; sourceTree = "<group>"; };
		5122AA82222D6BD200063BE9 /* engine.cpp */ = {isa = PBXFileReference; lastKnownFileType = sourcecode.cpp.cpp; name = engine.cpp; path = "../../solar-system/engine/engine.cpp"; sourceTree = "<group>"; };
		5122AA83222D6BD200063BE9 /* tinyxml2.cpp */ = {isa = PBXFileReference; lastKnownFileType = sourcecode.cpp.cpp; name = tinyxml2.cpp; path = "../../solar-system/engine/tinyxml2.cpp"; sourceTree = "<group>"; };
		5122AA84222D6BD200063BE9 /* tinyxml2.h */ = {isa = PBXFileReference; lastKnownFileType = sourcecode.c.h; name = tinyxml2.h; path = "../../solar-system/engine/tinyxml2.h"; sourceTree = "<group>"; };
		5122AA89222D6C4A00063BE9 /* engine */ = {isa = PBXFileReference; explicitFileType = "compiled.mach-o.executable"; includeInIndex = 0; path = engine; sourceTree = BUILT_PRODUCTS_DIR; };
		5122AA94222D6C6E00063BE9 /* generator */ = {isa = PBXFileReference; explicitFileType = "compiled.mach-o.executable"; includeInIndex = 0; path = generator; sourceTree = BUILT_PRODUCTS_DIR; };
		5122AA9C222D6CA700063BE9 /* GLUT.framework */ = {isa = PBXFileReference; lastKnownFileType = wrapper.framework; name = GLUT.framework; path = System/Library/Frameworks/GLUT.framework; sourceTree = SDKROOT; };
		5122AA9E222D6CB000063BE9 /* OpenGL.framework */ = {isa = PBXFileReference; lastKnownFileType = wrapper.framework; name = OpenGL.framework; path = System/Library/Frameworks/OpenGL.framework; sourceTree = SDKROOT; };
/* End PBXFileReference section */

/* Begin PBXFrameworksBuildPhase section */
		5122AA86222D6C4A00063BE9 /* Frameworks */ = {
			isa = PBXFrameworksBuildPhase;
			buildActionMask = 2147483647;
			files = (
				5122AA9F222D6CB000063BE9 /* OpenGL.framework in Frameworks */,
				5122AA9D222D6CA700063BE9 /* GLUT.framework in Frameworks */,
			);
			runOnlyForDeploymentPostprocessing = 0;
		};
		5122AA91222D6C6E00063BE9 /* Frameworks */ = {
			isa = PBXFrameworksBuildPhase;
			buildActionMask = 2147483647;
			files = (
			);
			runOnlyForDeploymentPostprocessing = 0;
		};
/* End PBXFrameworksBuildPhase section */

/* Begin PBXGroup section */
		5122AA7F222D6B8200063BE9 /* engine */ = {
			isa = PBXGroup;
			children = (
				5122AA82222D6BD200063BE9 /* engine.cpp */,
				5122AA83222D6BD200063BE9 /* tinyxml2.cpp */,
				5122AA84222D6BD200063BE9 /* tinyxml2.h */,
			);
			name = engine;
			path = "New Group";
			sourceTree = "<group>";
		};
		5122AA80222D6B8E00063BE9 /* generator */ = {
			isa = PBXGroup;
			children = (
				5122AA81222D6BAE00063BE9 /* generator.cpp */,
			);
			path = generator;
			sourceTree = "<group>";
		};
		5122AA9B222D6CA700063BE9 /* Frameworks */ = {
			isa = PBXGroup;
			children = (
				5122AA9E222D6CB000063BE9 /* OpenGL.framework */,
				5122AA9C222D6CA700063BE9 /* GLUT.framework */,
			);
			name = Frameworks;
			sourceTree = "<group>";
		};
		51EA82E6222D305600092619 = {
			isa = PBXGroup;
			children = (
				5122AA80222D6B8E00063BE9 /* generator */,
				5122AA7F222D6B8200063BE9 /* engine */,
				51EA82F0222D305600092619 /* Products */,
				5122AA9B222D6CA700063BE9 /* Frameworks */,
			);
			sourceTree = "<group>";
		};
		51EA82F0222D305600092619 /* Products */ = {
			isa = PBXGroup;
			children = (
				5122AA89222D6C4A00063BE9 /* engine */,
				5122AA94222D6C6E00063BE9 /* generator */,
			);
			name = Products;
			sourceTree = "<group>";
		};
/* End PBXGroup section */

/* Begin PBXNativeTarget section */
		5122AA88222D6C4A00063BE9 /* engine */ = {
			isa = PBXNativeTarget;
			buildConfigurationList = 5122AA8D222D6C4A00063BE9 /* Build configuration list for PBXNativeTarget "engine" */;
			buildPhases = (
				5122AA85222D6C4A00063BE9 /* Sources */,
				5122AA86222D6C4A00063BE9 /* Frameworks */,
				5122AA87222D6C4A00063BE9 /* CopyFiles */,
			);
			buildRules = (
			);
			dependencies = (
			);
			name = engine;
			productName = engine;
			productReference = 5122AA89222D6C4A00063BE9 /* engine */;
			productType = "com.apple.product-type.tool";
		};
		5122AA93222D6C6E00063BE9 /* generator */ = {
			isa = PBXNativeTarget;
			buildConfigurationList = 5122AA98222D6C6E00063BE9 /* Build configuration list for PBXNativeTarget "generator" */;
			buildPhases = (
				5122AA90222D6C6E00063BE9 /* Sources */,
				5122AA91222D6C6E00063BE9 /* Frameworks */,
				5122AA92222D6C6E00063BE9 /* CopyFiles */,
			);
			buildRules = (
			);
			dependencies = (
			);
			name = generator;
			productName = generator;
			productReference = 5122AA94222D6C6E00063BE9 /* generator */;
			productType = "com.apple.product-type.tool";
		};
/* End PBXNativeTarget section */

/* Begin PBXProject section */
		51EA82E7222D305600092619 /* Project object */ = {
			isa = PBXProject;
			attributes = {
				LastUpgradeCheck = 1010;
				ORGANIZATIONNAME = "Pedro Ferreira";
				TargetAttributes = {
					5122AA88222D6C4A00063BE9 = {
						CreatedOnToolsVersion = 10.1;
					};
					5122AA93222D6C6E00063BE9 = {
						CreatedOnToolsVersion = 10.1;
					};
				};
			};
			buildConfigurationList = 51EA82EA222D305600092619 /* Build configuration list for PBXProject "solar-systemxcode" */;
			compatibilityVersion = "Xcode 9.3";
			developmentRegion = en;
			hasScannedForEncodings = 0;
			knownRegions = (
				en,
			);
			mainGroup = 51EA82E6222D305600092619;
			productRefGroup = 51EA82F0222D305600092619 /* Products */;
			projectDirPath = "";
			projectRoot = "";
			targets = (
				5122AA88222D6C4A00063BE9 /* engine */,
				5122AA93222D6C6E00063BE9 /* generator */,
			);
		};
/* End PBXProject section */

/* Begin PBXSourcesBuildPhase section */
		5122AA85222D6C4A00063BE9 /* Sources */ = {
			isa = PBXSourcesBuildPhase;
			buildActionMask = 2147483647;
			files = (
				5122AAA0222D6CB800063BE9 /* engine.cpp in Sources */,
				5122AAA1222D6CB800063BE9 /* tinyxml2.cpp in Sources */,
			);
			runOnlyForDeploymentPostprocessing = 0;
		};
		5122AA90222D6C6E00063BE9 /* Sources */ = {
			isa = PBXSourcesBuildPhase;
			buildActionMask = 2147483647;
			files = (
				5122AAA2222D6CD200063BE9 /* generator.cpp in Sources */,
			);
			runOnlyForDeploymentPostprocessing = 0;
		};
/* End PBXSourcesBuildPhase section */

/* Begin XCBuildConfiguration section */
		5122AA8E222D6C4A00063BE9 /* Debug */ = {
			isa = XCBuildConfiguration;
			buildSettings = {
				CODE_SIGN_STYLE = Automatic;
				PRODUCT_NAME = "$(TARGET_NAME)";
			};
			name = Debug;
		};
		5122AA8F222D6C4A00063BE9 /* Release */ = {
			isa = XCBuildConfiguration;
			buildSettings = {
				CODE_SIGN_STYLE = Automatic;
				PRODUCT_NAME = "$(TARGET_NAME)";
			};
			name = Release;
		};
		5122AA99222D6C6E00063BE9 /* Debug */ = {
			isa = XCBuildConfiguration;
			buildSettings = {
				CODE_SIGN_STYLE = Automatic;
				PRODUCT_NAME = "$(TARGET_NAME)";
			};
			name = Debug;
		};
		5122AA9A222D6C6E00063BE9 /* Release */ = {
			isa = XCBuildConfiguration;
			buildSettings = {
				CODE_SIGN_STYLE = Automatic;
				PRODUCT_NAME = "$(TARGET_NAME)";
			};
			name = Release;
		};
		51EA82F4222D305600092619 /* Debug */ = {
			isa = XCBuildConfiguration;
			buildSettings = {
				ALWAYS_SEARCH_USER_PATHS = NO;
				CLANG_ANALYZER_NONNULL = YES;
				CLANG_ANALYZER_NUMBER_OBJECT_CONVERSION = YES_AGGRESSIVE;
				CLANG_CXX_LANGUAGE_STANDARD = "gnu++14";
				CLANG_CXX_LIBRARY = "libc++";
				CLANG_ENABLE_MODULES = YES;
				CLANG_ENABLE_OBJC_ARC = YES;
				CLANG_ENABLE_OBJC_WEAK = YES;
				CLANG_WARN_BLOCK_CAPTURE_AUTORELEASING = YES;
				CLANG_WARN_BOOL_CONVERSION = YES;
				CLANG_WARN_COMMA = YES;
				CLANG_WARN_CONSTANT_CONVERSION = YES;
				CLANG_WARN_DEPRECATED_OBJC_IMPLEMENTATIONS = YES;
				CLANG_WARN_DIRECT_OBJC_ISA_USAGE = YES_ERROR;
				CLANG_WARN_DOCUMENTATION_COMMENTS = YES;
				CLANG_WARN_EMPTY_BODY = YES;
				CLANG_WARN_ENUM_CONVERSION = YES;
				CLANG_WARN_INFINITE_RECURSION = YES;
				CLANG_WARN_INT_CONVERSION = YES;
				CLANG_WARN_NON_LITERAL_NULL_CONVERSION = YES;
				CLANG_WARN_OBJC_IMPLICIT_RETAIN_SELF = YES;
				CLANG_WARN_OBJC_LITERAL_CONVERSION = YES;
				CLANG_WARN_OBJC_ROOT_CLASS = YES_ERROR;
				CLANG_WARN_RANGE_LOOP_ANALYSIS = YES;
				CLANG_WARN_STRICT_PROTOTYPES = YES;
				CLANG_WARN_SUSPICIOUS_MOVE = YES;
				CLANG_WARN_UNGUARDED_AVAILABILITY = YES_AGGRESSIVE;
				CLANG_WARN_UNREACHABLE_CODE = YES;
				CLANG_WARN__DUPLICATE_METHOD_MATCH = YES;
				CODE_SIGN_IDENTITY = "-";
				COPY_PHASE_STRIP = NO;
				DEBUG_INFORMATION_FORMAT = dwarf;
				ENABLE_STRICT_OBJC_MSGSEND = YES;
				ENABLE_TESTABILITY = YES;
				GCC_C_LANGUAGE_STANDARD = gnu11;
				GCC_DYNAMIC_NO_PIC = NO;
				GCC_NO_COMMON_BLOCKS = YES;
				GCC_OPTIMIZATION_LEVEL = 0;
				GCC_PREPROCESSOR_DEFINITIONS = (
					"DEBUG=1",
					"$(inherited)",
				);
				GCC_WARN_64_TO_32_BIT_CONVERSION = YES;
				GCC_WARN_ABOUT_RETURN_TYPE = YES_ERROR;
				GCC_WARN_UNDECLARED_SELECTOR = YES;
				GCC_WARN_UNINITIALIZED_AUTOS = YES_AGGRESSIVE;
				GCC_WARN_UNUSED_FUNCTION = YES;
				GCC_WARN_UNUSED_VARIABLE = YES;
				MACOSX_DEPLOYMENT_TARGET = 10.14;
				MTL_ENABLE_DEBUG_INFO = INCLUDE_SOURCE;
				MTL_FAST_MATH = YES;
				ONLY_ACTIVE_ARCH = YES;
				SDKROOT = macosx;
			};
			name = Debug;
		};
		51EA82F5222D305600092619 /* Release */ = {
			isa = XCBuildConfiguration;
			buildSettings = {
				ALWAYS_SEARCH_USER_PATHS = NO;
				CLANG_ANALYZER_NONNULL = YES;
				CLANG_ANALYZER_NUMBER_OBJECT_CONVERSION = YES_AGGRESSIVE;
				CLANG_CXX_LANGUAGE_STANDARD = "gnu++14";
				CLANG_CXX_LIBRARY = "libc++";
				CLANG_ENABLE_MODULES = YES;
				CLANG_ENABLE_OBJC_ARC = YES;
				CLANG_ENABLE_OBJC_WEAK = YES;
				CLANG_WARN_BLOCK_CAPTURE_AUTORELEASING = YES;
				CLANG_WARN_BOOL_CONVERSION = YES;
				CLANG_WARN_COMMA = YES;
				CLANG_WARN_CONSTANT_CONVERSION = YES;
				CLANG_WARN_DEPRECATED_OBJC_IMPLEMENTATIONS = YES;
				CLANG_WARN_DIRECT_OBJC_ISA_USAGE = YES_ERROR;
				CLANG_WARN_DOCUMENTATION_COMMENTS = YES;
				CLANG_WARN_EMPTY_BODY = YES;
				CLANG_WARN_ENUM_CONVERSION = YES;
				CLANG_WARN_INFINITE_RECURSION = YES;
				CLANG_WARN_INT_CONVERSION = YES;
				CLANG_WARN_NON_LITERAL_NULL_CONVERSION = YES;
				CLANG_WARN_OBJC_IMPLICIT_RETAIN_SELF = YES;
				CLANG_WARN_OBJC_LITERAL_CONVERSION = YES;
				CLANG_WARN_OBJC_ROOT_CLASS = YES_ERROR;
				CLANG_WARN_RANGE_LOOP_ANALYSIS = YES;
				CLANG_WARN_STRICT_PROTOTYPES = YES;
				CLANG_WARN_SUSPICIOUS_MOVE = YES;
				CLANG_WARN_UNGUARDED_AVAILABILITY = YES_AGGRESSIVE;
				CLANG_WARN_UNREACHABLE_CODE = YES;
				CLANG_WARN__DUPLICATE_METHOD_MATCH = YES;
				CODE_SIGN_IDENTITY = "-";
				COPY_PHASE_STRIP = NO;
				DEBUG_INFORMATION_FORMAT = "dwarf-with-dsym";
				ENABLE_NS_ASSERTIONS = NO;
				ENABLE_STRICT_OBJC_MSGSEND = YES;
				GCC_C_LANGUAGE_STANDARD = gnu11;
				GCC_NO_COMMON_BLOCKS = YES;
				GCC_WARN_64_TO_32_BIT_CONVERSION = YES;
				GCC_WARN_ABOUT_RETURN_TYPE = YES_ERROR;
				GCC_WARN_UNDECLARED_SELECTOR = YES;
				GCC_WARN_UNINITIALIZED_AUTOS = YES_AGGRESSIVE;
				GCC_WARN_UNUSED_FUNCTION = YES;
				GCC_WARN_UNUSED_VARIABLE = YES;
				MACOSX_DEPLOYMENT_TARGET = 10.14;
				MTL_ENABLE_DEBUG_INFO = NO;
				MTL_FAST_MATH = YES;
				SDKROOT = macosx;
			};
			name = Release;
		};
/* End XCBuildConfiguration section */

/* Begin XCConfigurationList section */
		5122AA8D222D6C4A00063BE9 /* Build configuration list for PBXNativeTarget "engine" */ = {
			isa = XCConfigurationList;
			buildConfigurations = (
				5122AA8E222D6C4A00063BE9 /* Debug */,
				5122AA8F222D6C4A00063BE9 /* Release */,
			);
			defaultConfigurationIsVisible = 0;
			defaultConfigurationName = Release;
		};
		5122AA98222D6C6E00063BE9 /* Build configuration list for PBXNativeTarget "generator" */ = {
			isa = XCConfigurationList;
			buildConfigurations = (
				5122AA99222D6C6E00063BE9 /* Debug */,
				5122AA9A222D6C6E00063BE9 /* Release */,
			);
			defaultConfigurationIsVisible = 0;
			defaultConfigurationName = Release;
		};
		51EA82EA222D305600092619 /* Build configuration list for PBXProject "solar-systemxcode" */ = {
			isa = XCConfigurationList;
			buildConfigurations = (
				51EA82F4222D305600092619 /* Debug */,
				51EA82F5222D305600092619 /* Release */,
			);
			defaultConfigurationIsVisible = 0;
			defaultConfigurationName = Release;
		};
/* End XCConfigurationList section */
	};
	rootObject = 51EA82E7222D305600092619 /* Project object */;
}
